
Microsoft Visual Studio Solution File, Format Version 12.00
# Visual Studio Version 17
VisualStudioVersion = 17.6.33829.357
MinimumVisualStudioVersion = 10.0.40219.1
Project("{FAE04EC0-301F-11D3-BF4B-00C04F79EFBC}") = "AlgoTerminal", "AlgoTerminal\AlgoTerminal.csproj", "{54F19DFB-BD52-4802-882B-687532B0B83C}"
EndProject
Global
	GlobalSection(SolutionConfigurationPlatforms) = preSolution
		Debug|Any CPU = Debug|Any CPU
		Release|Any CPU = Release|Any CPU
	EndGlobalSection
	GlobalSection(ProjectConfigurationPlatforms) = postSolution
		{54F19DFB-BD52-4802-882B-687532B0B83C}.Debug|Any CPU.ActiveCfg = Debug|Any CPU
		{54F19DFB-BD52-4802-882B-687532B0B83C}.Debug|Any CPU.Build.0 = Debug|Any CPU
		{54F19DFB-BD52-4802-882B-687532B0B83C}.Release|Any CPU.ActiveCfg = Release|Any CPU
		{54F19DFB-BD52-4802-882B-687532B0B83C}.Release|Any CPU.Build.0 = Release|Any CPU
	EndGlobalSection
	GlobalSection(SolutionProperties) = preSolution
		HideSolutionNode = FALSE
	EndGlobalSection
	GlobalSection(ExtensibilityGlobals) = postSolution
		SolutionGuid = {EFCF4433-D88A-4315-BE1C-AF42E07BD614}
	EndGlobalSection
EndGlobal
